PODS:
  - Flutter (1.0.0)
  - flutter_string_encryption (0.0.1):
    - Flutter
    - SCrypto (~> 2.0)
  - fluttertoast (0.0.2):
    - Flutter
    - Toast
  - SCrypto (2.0.0)
  - Toast (4.0.0)

DEPENDENCIES:
  - Flutter (from `Flutter`)
  - flutter_string_encryption (from `.symlinks/plugins/flutter_string_encryption/ios`)
  - fluttertoast (from `.symlinks/plugins/fluttertoast/ios`)

SPEC REPOS:
  trunk:
    - SCrypto
    - Toast

EXTERNAL SOURCES:
  Flutter:
    :path: Flutter
  flutter_string_encryption:
    :path: ".symlinks/plugins/flutter_string_encryption/ios"
  fluttertoast:
    :path: ".symlinks/plugins/fluttertoast/ios"

SPEC CHECKSUMS:
  Flutter: 0e3d915762c693b495b44d77113d4970485de6ec
  flutter_string_encryption: e382d87149c0d6b947204315e6c601a9c4792655
  fluttertoast: 6122fa75143e992b1d3470f61000f591a798cc58
  SCrypto: 8287dcf6151df38f9bc0efad2ed982c54a96d1b8
  Toast: 91b396c56ee72a5790816f40d3a94dd357abc196

PODFILE CHECKSUM: bb5a4b81250c052a6b73ee8c4b448a4ea11e5f3a

COCOAPODS: 1.9.1
